
Microsoft Visual Studio Solution File, Format Version 12.00
# Visual Studio Version 17
VisualStudioVersion = 17.0.32014.148
MinimumVisualStudioVersion = 10.0.40219.1
Project("{888888A0-9F3D-457C-B088-3A5042F75D52}") = "Python-Class-Learning", "Python-Class-Learning.pyproj", "{B88CB25D-A30A-4929-92CD-28BC11F4BA13}"
EndProject
Global
	GlobalSection(SolutionConfigurationPlatforms) = preSolution
		Debug|Any CPU = Debug|Any CPU
		Release|Any CPU = Release|Any CPU
	EndGlobalSection
	GlobalSection(ProjectConfigurationPlatforms) = postSolution
		{B88CB25D-A30A-4929-92CD-28BC11F4BA13}.Debug|Any CPU.ActiveCfg = Debug|Any CPU
		{B88CB25D-A30A-4929-92CD-28BC11F4BA13}.Release|Any CPU.ActiveCfg = Release|Any CPU
	EndGlobalSection
	GlobalSection(SolutionProperties) = preSolution
		HideSolutionNode = FALSE
	EndGlobalSection
	GlobalSection(ExtensibilityGlobals) = postSolution
		SolutionGuid = {8CD9C9AF-69A8-4848-9296-42D9793B45F7}
	EndGlobalSection
EndGlobal
